
Microsoft Visual Studio Solution File, Format Version 12.00
# Visual Studio Version 17
VisualStudioVersion = 17.10.34916.146
MinimumVisualStudioVersion = 10.0.40219.1
Project("{9A19103F-16F7-4668-BE54-9A1E7A4F7556}") = "Cronis.VehicleControl.Domain", "Cronis.VehicleControl.Domain\Cronis.VehicleControl.Domain.csproj", "{502741C4-0F75-4908-A312-04DE54D5B4FE}"
EndProject
Project("{9A19103F-16F7-4668-BE54-9A1E7A4F7556}") = "Cronis.VehicleControl.Infra", "Cronis.VehicleControl.Infra\Cronis.VehicleControl.Infra.csproj", "{B5B36A44-60FC-4BA1-8F77-7D1975BA0EF2}"
EndProject
Project("{9A19103F-16F7-4668-BE54-9A1E7A4F7556}") = "Cronis.VehicleControl.Api", "Cronis.VehicleControl.Api\Cronis.VehicleControl.Api.csproj", "{09A5C686-649E-4C57-BF2B-3A3805E60920}"
EndProject
Project("{9A19103F-16F7-4668-BE54-9A1E7A4F7556}") = "Cronis.VehicleControl.Application", "Cronis.VehicleControl.Application\Cronis.VehicleControl.Application.csproj", "{6361B467-1CE7-4869-B3D2-036BE8985B6A}"
EndProject
Project("{9A19103F-16F7-4668-BE54-9A1E7A4F7556}") = "Cronis.VehicleControl.Tests", "Cronis.VehicleControl.Tests\Cronis.VehicleControl.Tests.csproj", "{AE16FC47-B424-4685-8060-FA8535731175}"
EndProject
Project("{2150E333-8FDC-42A3-9474-1A3956D46DE8}") = "Docker", "Docker", "{B515EC8E-F766-4541-8B93-6344DE4E1E9B}"
	ProjectSection(SolutionItems) = preProject
		dockerfile-api. = dockerfile-api.
	EndProjectSection
EndProject
Project("{E53339B2-1760-4266-BCC7-CA923CBCF16C}") = "docker-compose", "docker-compose.dcproj", "{CF271169-2C6E-4DD3-A032-024A757A04B3}"
EndProject
Global
	GlobalSection(SolutionConfigurationPlatforms) = preSolution
		Debug|Any CPU = Debug|Any CPU
		Release|Any CPU = Release|Any CPU
	EndGlobalSection
	GlobalSection(ProjectConfigurationPlatforms) = postSolution
		{502741C4-0F75-4908-A312-04DE54D5B4FE}.Debug|Any CPU.ActiveCfg = Debug|Any CPU
		{502741C4-0F75-4908-A312-04DE54D5B4FE}.Debug|Any CPU.Build.0 = Debug|Any CPU
		{502741C4-0F75-4908-A312-04DE54D5B4FE}.Release|Any CPU.ActiveCfg = Release|Any CPU
		{502741C4-0F75-4908-A312-04DE54D5B4FE}.Release|Any CPU.Build.0 = Release|Any CPU
		{B5B36A44-60FC-4BA1-8F77-7D1975BA0EF2}.Debug|Any CPU.ActiveCfg = Debug|Any CPU
		{B5B36A44-60FC-4BA1-8F77-7D1975BA0EF2}.Debug|Any CPU.Build.0 = Debug|Any CPU
		{B5B36A44-60FC-4BA1-8F77-7D1975BA0EF2}.Release|Any CPU.ActiveCfg = Release|Any CPU
		{B5B36A44-60FC-4BA1-8F77-7D1975BA0EF2}.Release|Any CPU.Build.0 = Release|Any CPU
		{09A5C686-649E-4C57-BF2B-3A3805E60920}.Debug|Any CPU.ActiveCfg = Debug|Any CPU
		{09A5C686-649E-4C57-BF2B-3A3805E60920}.Debug|Any CPU.Build.0 = Debug|Any CPU
		{09A5C686-649E-4C57-BF2B-3A3805E60920}.Release|Any CPU.ActiveCfg = Release|Any CPU
		{09A5C686-649E-4C57-BF2B-3A3805E60920}.Release|Any CPU.Build.0 = Release|Any CPU
		{6361B467-1CE7-4869-B3D2-036BE8985B6A}.Debug|Any CPU.ActiveCfg = Debug|Any CPU
		{6361B467-1CE7-4869-B3D2-036BE8985B6A}.Debug|Any CPU.Build.0 = Debug|Any CPU
		{6361B467-1CE7-4869-B3D2-036BE8985B6A}.Release|Any CPU.ActiveCfg = Release|Any CPU
		{6361B467-1CE7-4869-B3D2-036BE8985B6A}.Release|Any CPU.Build.0 = Release|Any CPU
		{AE16FC47-B424-4685-8060-FA8535731175}.Debug|Any CPU.ActiveCfg = Debug|Any CPU
		{AE16FC47-B424-4685-8060-FA8535731175}.Debug|Any CPU.Build.0 = Debug|Any CPU
		{AE16FC47-B424-4685-8060-FA8535731175}.Release|Any CPU.ActiveCfg = Release|Any CPU
		{AE16FC47-B424-4685-8060-FA8535731175}.Release|Any CPU.Build.0 = Release|Any CPU
		{CF271169-2C6E-4DD3-A032-024A757A04B3}.Debug|Any CPU.ActiveCfg = Debug|Any CPU
		{CF271169-2C6E-4DD3-A032-024A757A04B3}.Debug|Any CPU.Build.0 = Debug|Any CPU
		{CF271169-2C6E-4DD3-A032-024A757A04B3}.Release|Any CPU.ActiveCfg = Release|Any CPU
		{CF271169-2C6E-4DD3-A032-024A757A04B3}.Release|Any CPU.Build.0 = Release|Any CPU
	EndGlobalSection
	GlobalSection(SolutionProperties) = preSolution
		HideSolutionNode = FALSE
	EndGlobalSection
	GlobalSection(NestedProjects) = preSolution
		{CF271169-2C6E-4DD3-A032-024A757A04B3} = {B515EC8E-F766-4541-8B93-6344DE4E1E9B}
	EndGlobalSection
	GlobalSection(ExtensibilityGlobals) = postSolution
		SolutionGuid = {6E42083A-E9C6-4CCA-9C38-A5DBF6E5D62B}
	EndGlobalSection
EndGlobal
